
Microsoft Visual Studio Solution File, Format Version 12.00
# Visual Studio Version 17
VisualStudioVersion = 17.6.33815.320
MinimumVisualStudioVersion = 10.0.40219.1
Project("{FAE04EC0-301F-11D3-BF4B-00C04F79EFBC}") = "MySQL connection demo", "MySQL connection demo\MySQL connection demo.csproj", "{E232BA73-CCC5-46BE-9CD2-012C514BECB1}"
EndProject
Global
	GlobalSection(SolutionConfigurationPlatforms) = preSolution
		Debug|Any CPU = Debug|Any CPU
		Release|Any CPU = Release|Any CPU
	EndGlobalSection
	GlobalSection(ProjectConfigurationPlatforms) = postSolution
		{E232BA73-CCC5-46BE-9CD2-012C514BECB1}.Debug|Any CPU.ActiveCfg = Debug|Any CPU
		{E232BA73-CCC5-46BE-9CD2-012C514BECB1}.Debug|Any CPU.Build.0 = Debug|Any CPU
		{E232BA73-CCC5-46BE-9CD2-012C514BECB1}.Release|Any CPU.ActiveCfg = Release|Any CPU
		{E232BA73-CCC5-46BE-9CD2-012C514BECB1}.Release|Any CPU.Build.0 = Release|Any CPU
	EndGlobalSection
	GlobalSection(SolutionProperties) = preSolution
		HideSolutionNode = FALSE
	EndGlobalSection
	GlobalSection(ExtensibilityGlobals) = postSolution
		SolutionGuid = {D8F5CAFB-0004-48D8-9CB5-27940F42FA0F}
	EndGlobalSection
EndGlobal
