
Microsoft Visual Studio Solution File, Format Version 12.00
# Visual Studio Version 17
VisualStudioVersion = 17.7.34221.43
MinimumVisualStudioVersion = 10.0.40219.1
Project("{FAE04EC0-301F-11D3-BF4B-00C04F79EFBC}") = "Dummy_gip", "Dummy_gip\Dummy_gip.csproj", "{180D58E8-D714-470D-9F65-AEFECB0CC527}"
EndProject
Global
	GlobalSection(SolutionConfigurationPlatforms) = preSolution
		Debug|Any CPU = Debug|Any CPU
		Release|Any CPU = Release|Any CPU
	EndGlobalSection
	GlobalSection(ProjectConfigurationPlatforms) = postSolution
		{180D58E8-D714-470D-9F65-AEFECB0CC527}.Debug|Any CPU.ActiveCfg = Debug|Any CPU
		{180D58E8-D714-470D-9F65-AEFECB0CC527}.Debug|Any CPU.Build.0 = Debug|Any CPU
		{180D58E8-D714-470D-9F65-AEFECB0CC527}.Release|Any CPU.ActiveCfg = Release|Any CPU
		{180D58E8-D714-470D-9F65-AEFECB0CC527}.Release|Any CPU.Build.0 = Release|Any CPU
	EndGlobalSection
	GlobalSection(SolutionProperties) = preSolution
		HideSolutionNode = FALSE
	EndGlobalSection
	GlobalSection(ExtensibilityGlobals) = postSolution
		SolutionGuid = {E655435A-E323-4502-92A8-73E268C51AB0}
	EndGlobalSection
EndGlobal
